// !$*UTF8*$!
{
	archiveVersion = 1;
	classes = {
	};
	objectVersion = 56;
	objects = {

/* Begin PBXBuildFile section */
		4511D7D52A2A3827007D009C /* NetworkManager.swift in Sources */ = {isa = PBXBuildFile; fileRef = 4511D7D22A2A3827007D009C /* NetworkManager.swift */; };
		4511D7D62A2A3827007D009C /* AudioDataModel.swift in Sources */ = {isa = PBXBuildFile; fileRef = 4511D7D32A2A3827007D009C /* AudioDataModel.swift */; };
		4511D7D72A2A3827007D009C /* AudioData.json in Resources */ = {isa = PBXBuildFile; fileRef = 4511D7D42A2A3827007D009C /* AudioData.json */; };
		45194B592A1C902E00933180 /* AudioListView.swift in Sources */ = {isa = PBXBuildFile; fileRef = 45194B582A1C902E00933180 /* AudioListView.swift */; };
		45194B5D2A1CB5FB00933180 /* EqualizerView.swift in Sources */ = {isa = PBXBuildFile; fileRef = 45194B5C2A1CB5FB00933180 /* EqualizerView.swift */; };
		4521DFC22A1BB71B0079ED6A /* AudioPlayerApp.swift in Sources */ = {isa = PBXBuildFile; fileRef = 4521DFC12A1BB71B0079ED6A /* AudioPlayerApp.swift */; };
		4521DFC42A1BB71B0079ED6A /* ContentView.swift in Sources */ = {isa = PBXBuildFile; fileRef = 4521DFC32A1BB71B0079ED6A /* ContentView.swift */; };
		4521DFC62A1BB71C0079ED6A /* Assets.xcassets in Resources */ = {isa = PBXBuildFile; fileRef = 4521DFC52A1BB71C0079ED6A /* Assets.xcassets */; };
		4521DFC92A1BB71C0079ED6A /* Preview Assets.xcassets in Resources */ = {isa = PBXBuildFile; fileRef = 4521DFC82A1BB71C0079ED6A /* Preview Assets.xcassets */; };
		45870BE32A29B573009F1C8D /* PlayerViewMain.swift in Sources */ = {isa = PBXBuildFile; fileRef = 45870BE22A29B573009F1C8D /* PlayerViewMain.swift */; };
		45D10EEB2A247D3100426E9B /* PlayerView.swift in Sources */ = {isa = PBXBuildFile; fileRef = 45D10EEA2A247D3100426E9B /* PlayerView.swift */; };
/* End PBXBuildFile section */

/* Begin PBXFileReference section */
		4511D7D22A2A3827007D009C /* NetworkManager.swift */ = {isa = PBXFileReference; fileEncoding = 4; lastKnownFileType = sourcecode.swift; path = NetworkManager.swift; sourceTree = "<group>"; };
		4511D7D32A2A3827007D009C /* AudioDataModel.swift */ = {isa = PBXFileReference; fileEncoding = 4; lastKnownFileType = sourcecode.swift; path = AudioDataModel.swift; sourceTree = "<group>"; };
		4511D7D42A2A3827007D009C /* AudioData.json */ = {isa = PBXFileReference; fileEncoding = 4; lastKnownFileType = text.json; path = AudioData.json; sourceTree = "<group>"; };
		45194B582A1C902E00933180 /* AudioListView.swift */ = {isa = PBXFileReference; lastKnownFileType = sourcecode.swift; path = AudioListView.swift; sourceTree = "<group>"; };
		45194B5C2A1CB5FB00933180 /* EqualizerView.swift */ = {isa = PBXFileReference; lastKnownFileType = sourcecode.swift; path = EqualizerView.swift; sourceTree = "<group>"; };
		4521DFBE2A1BB71B0079ED6A /* AudioPlayer.app */ = {isa = PBXFileReference; explicitFileType = wrapper.application; includeInIndex = 0; path = AudioPlayer.app; sourceTree = BUILT_PRODUCTS_DIR; };
		4521DFC12A1BB71B0079ED6A /* AudioPlayerApp.swift */ = {isa = PBXFileReference; lastKnownFileType = sourcecode.swift; path = AudioPlayerApp.swift; sourceTree = "<group>"; };
		4521DFC32A1BB71B0079ED6A /* ContentView.swift */ = {isa = PBXFileReference; lastKnownFileType = sourcecode.swift; path = ContentView.swift; sourceTree = "<group>"; };
		4521DFC52A1BB71C0079ED6A /* Assets.xcassets */ = {isa = PBXFileReference; lastKnownFileType = folder.assetcatalog; path = Assets.xcassets; sourceTree = "<group>"; };
		4521DFC82A1BB71C0079ED6A /* Preview Assets.xcassets */ = {isa = PBXFileReference; lastKnownFileType = folder.assetcatalog; path = "Preview Assets.xcassets"; sourceTree = "<group>"; };
		45870BE22A29B573009F1C8D /* PlayerViewMain.swift */ = {isa = PBXFileReference; lastKnownFileType = sourcecode.swift; path = PlayerViewMain.swift; sourceTree = "<group>"; };
		45D10EEA2A247D3100426E9B /* PlayerView.swift */ = {isa = PBXFileReference; lastKnownFileType = sourcecode.swift; path = PlayerView.swift; sourceTree = "<group>"; };
/* End PBXFileReference section */

/* Begin PBXFrameworksBuildPhase section */
		4521DFBB2A1BB71B0079ED6A /* Frameworks */ = {
			isa = PBXFrameworksBuildPhase;
			buildActionMask = 2147483647;
			files = (
			);
			runOnlyForDeploymentPostprocessing = 0;
		};
/* End PBXFrameworksBuildPhase section */

/* Begin PBXGroup section */
		45194B5A2A1CB5CC00933180 /* CustomVIew */ = {
			isa = PBXGroup;
			children = (
				45194B582A1C902E00933180 /* AudioListView.swift */,
				45D10EEA2A247D3100426E9B /* PlayerView.swift */,
			);
			path = CustomVIew;
			sourceTree = "<group>";
		};
		45194B5B2A1CB5D700933180 /* VCs */ = {
			isa = PBXGroup;
			children = (
				4521DFC32A1BB71B0079ED6A /* ContentView.swift */,
				45194B5C2A1CB5FB00933180 /* EqualizerView.swift */,
				45870BE22A29B573009F1C8D /* PlayerViewMain.swift */,
			);
			path = VCs;
			sourceTree = "<group>";
		};
		4521DFB52A1BB71B0079ED6A = {
			isa = PBXGroup;
			children = (
				4521DFC02A1BB71B0079ED6A /* AudioPlayer */,
				4521DFBF2A1BB71B0079ED6A /* Products */,
			);
			sourceTree = "<group>";
		};
		4521DFBF2A1BB71B0079ED6A /* Products */ = {
			isa = PBXGroup;
			children = (
				4521DFBE2A1BB71B0079ED6A /* AudioPlayer.app */,
			);
			name = Products;
			sourceTree = "<group>";
		};
		4521DFC02A1BB71B0079ED6A /* AudioPlayer */ = {
			isa = PBXGroup;
			children = (
				4511D7D42A2A3827007D009C /* AudioData.json */,
				4511D7D32A2A3827007D009C /* AudioDataModel.swift */,
				4511D7D22A2A3827007D009C /* NetworkManager.swift */,
				4521DFC12A1BB71B0079ED6A /* AudioPlayerApp.swift */,
				45194B5B2A1CB5D700933180 /* VCs */,
				4521DFC52A1BB71C0079ED6A /* Assets.xcassets */,
				4521DFC72A1BB71C0079ED6A /* Preview Content */,
				45194B5A2A1CB5CC00933180 /* CustomVIew */,
			);
			path = AudioPlayer;
			sourceTree = "<group>";
		};
		4521DFC72A1BB71C0079ED6A /* Preview Content */ = {
			isa = PBXGroup;
			children = (
				4521DFC82A1BB71C0079ED6A /* Preview Assets.xcassets */,
			);
			path = "Preview Content";
			sourceTree = "<group>";
		};
/* End PBXGroup section */

/* Begin PBXNativeTarget section */
		4521DFBD2A1BB71B0079ED6A /* AudioPlayer */ = {
			isa = PBXNativeTarget;
			buildConfigurationList = 4521DFCC2A1BB71C0079ED6A /* Build configuration list for PBXNativeTarget "AudioPlayer" */;
			buildPhases = (
				4521DFBA2A1BB71B0079ED6A /* Sources */,
				4521DFBB2A1BB71B0079ED6A /* Frameworks */,
				4521DFBC2A1BB71B0079ED6A /* Resources */,
			);
			buildRules = (
			);
			dependencies = (
			);
			name = AudioPlayer;
			productName = AudioPlayer;
			productReference = 4521DFBE2A1BB71B0079ED6A /* AudioPlayer.app */;
			productType = "com.apple.product-type.application";
		};
/* End PBXNativeTarget section */

/* Begin PBXProject section */
		4521DFB62A1BB71B0079ED6A /* Project object */ = {
			isa = PBXProject;
			attributes = {
				BuildIndependentTargetsInParallel = 1;
				LastSwiftUpdateCheck = 1430;
				LastUpgradeCheck = 1430;
				TargetAttributes = {
					4521DFBD2A1BB71B0079ED6A = {
						CreatedOnToolsVersion = 14.3;
					};
				};
			};
			buildConfigurationList = 4521DFB92A1BB71B0079ED6A /* Build configuration list for PBXProject "AudioPlayer" */;
			compatibilityVersion = "Xcode 14.0";
			developmentRegion = en;
			hasScannedForEncodings = 0;
			knownRegions = (
				en,
				Base,
			);
			mainGroup = 4521DFB52A1BB71B0079ED6A;
			productRefGroup = 4521DFBF2A1BB71B0079ED6A /* Products */;
			projectDirPath = "";
			projectRoot = "";
			targets = (
				4521DFBD2A1BB71B0079ED6A /* AudioPlayer */,
			);
		};
/* End PBXProject section */

/* Begin PBXResourcesBuildPhase section */
		4521DFBC2A1BB71B0079ED6A /* Resources */ = {
			isa = PBXResourcesBuildPhase;
			buildActionMask = 2147483647;
			files = (
				4521DFC92A1BB71C0079ED6A /* Preview Assets.xcassets in Resources */,
				4511D7D72A2A3827007D009C /* AudioData.json in Resources */,
				4521DFC62A1BB71C0079ED6A /* Assets.xcassets in Resources */,
			);
			runOnlyForDeploymentPostprocessing = 0;
		};
/* End PBXResourcesBuildPhase section */

/* Begin PBXSourcesBuildPhase section */
		4521DFBA2A1BB71B0079ED6A /* Sources */ = {
			isa = PBXSourcesBuildPhase;
			buildActionMask = 2147483647;
			files = (
				45194B592A1C902E00933180 /* AudioListView.swift in Sources */,
				4521DFC42A1BB71B0079ED6A /* ContentView.swift in Sources */,
				4521DFC22A1BB71B0079ED6A /* AudioPlayerApp.swift in Sources */,
				4511D7D52A2A3827007D009C /* NetworkManager.swift in Sources */,
				4511D7D62A2A3827007D009C /* AudioDataModel.swift in Sources */,
				45870BE32A29B573009F1C8D /* PlayerViewMain.swift in Sources */,
				45D10EEB2A247D3100426E9B /* PlayerView.swift in Sources */,
				45194B5D2A1CB5FB00933180 /* EqualizerView.swift in Sources */,
			);
			runOnlyForDeploymentPostprocessing = 0;
		};
/* End PBXSourcesBuildPhase section */

/* Begin XCBuildConfiguration section */
		4521DFCA2A1BB71C0079ED6A /* Debug */ = {
			isa = XCBuildConfiguration;
			buildSettings = {
				ALWAYS_SEARCH_USER_PATHS = NO;
				CLANG_ANALYZER_NONNULL = YES;
				CLANG_ANALYZER_NUMBER_OBJECT_CONVERSION = YES_AGGRESSIVE;
				CLANG_CXX_LANGUAGE_STANDARD = "gnu++20";
				CLANG_ENABLE_MODULES = YES;
				CLANG_ENABLE_OBJC_ARC = YES;
				CLANG_ENABLE_OBJC_WEAK = YES;
				CLANG_WARN_BLOCK_CAPTURE_AUTORELEASING = YES;
				CLANG_WARN_BOOL_CONVERSION = YES;
				CLANG_WARN_COMMA = YES;
				CLANG_WARN_CONSTANT_CONVERSION = YES;
				CLANG_WARN_DEPRECATED_OBJC_IMPLEMENTATIONS = YES;
				CLANG_WARN_DIRECT_OBJC_ISA_USAGE = YES_ERROR;
				CLANG_WARN_DOCUMENTATION_COMMENTS = YES;
				CLANG_WARN_EMPTY_BODY = YES;
				CLANG_WARN_ENUM_CONVERSION = YES;
				CLANG_WARN_INFINITE_RECURSION = YES;
				CLANG_WARN_INT_CONVERSION = YES;
				CLANG_WARN_NON_LITERAL_NULL_CONVERSION = YES;
				CLANG_WARN_OBJC_IMPLICIT_RETAIN_SELF = YES;
				CLANG_WARN_OBJC_LITERAL_CONVERSION = YES;
				CLANG_WARN_OBJC_ROOT_CLASS = YES_ERROR;
				CLANG_WARN_QUOTED_INCLUDE_IN_FRAMEWORK_HEADER = YES;
				CLANG_WARN_RANGE_LOOP_ANALYSIS = YES;
				CLANG_WARN_STRICT_PROTOTYPES = YES;
				CLANG_WARN_SUSPICIOUS_MOVE = YES;
				CLANG_WARN_UNGUARDED_AVAILABILITY = YES_AGGRESSIVE;
				CLANG_WARN_UNREACHABLE_CODE = YES;
				CLANG_WARN__DUPLICATE_METHOD_MATCH = YES;
				COPY_PHASE_STRIP = NO;
				DEBUG_INFORMATION_FORMAT = dwarf;
				ENABLE_STRICT_OBJC_MSGSEND = YES;
				ENABLE_TESTABILITY = YES;
				GCC_C_LANGUAGE_STANDARD = gnu11;
				GCC_DYNAMIC_NO_PIC = NO;
				GCC_NO_COMMON_BLOCKS = YES;
				GCC_OPTIMIZATION_LEVEL = 0;
				GCC_PREPROCESSOR_DEFINITIONS = (
					"DEBUG=1",
					"$(inherited)",
				);
				GCC_WARN_64_TO_32_BIT_CONVERSION = YES;
				GCC_WARN_ABOUT_RETURN_TYPE = YES_ERROR;
				GCC_WARN_UNDECLARED_SELECTOR = YES;
				GCC_WARN_UNINITIALIZED_AUTOS = YES_AGGRESSIVE;
				GCC_WARN_UNUSED_FUNCTION = YES;
				GCC_WARN_UNUSED_VARIABLE = YES;
				IPHONEOS_DEPLOYMENT_TARGET = 16.4;
				MTL_ENABLE_DEBUG_INFO = INCLUDE_SOURCE;
				MTL_FAST_MATH = YES;
				ONLY_ACTIVE_ARCH = YES;
				SDKROOT = iphoneos;
				SWIFT_ACTIVE_COMPILATION_CONDITIONS = DEBUG;
				SWIFT_OPTIMIZATION_LEVEL = "-Onone";
			};
			name = Debug;
		};
		4521DFCB2A1BB71C0079ED6A /* Release */ = {
			isa = XCBuildConfiguration;
			buildSettings = {
				ALWAYS_SEARCH_USER_PATHS = NO;
				CLANG_ANALYZER_NONNULL = YES;
				CLANG_ANALYZER_NUMBER_OBJECT_CONVERSION = YES_AGGRESSIVE;
				CLANG_CXX_LANGUAGE_STANDARD = "gnu++20";
				CLANG_ENABLE_MODULES = YES;
				CLANG_ENABLE_OBJC_ARC = YES;
				CLANG_ENABLE_OBJC_WEAK = YES;
				CLANG_WARN_BLOCK_CAPTURE_AUTORELEASING = YES;
				CLANG_WARN_BOOL_CONVERSION = YES;
				CLANG_WARN_COMMA = YES;
				CLANG_WARN_CONSTANT_CONVERSION = YES;
				CLANG_WARN_DEPRECATED_OBJC_IMPLEMENTATIONS = YES;
				CLANG_WARN_DIRECT_OBJC_ISA_USAGE = YES_ERROR;
				CLANG_WARN_DOCUMENTATION_COMMENTS = YES;
				CLANG_WARN_EMPTY_BODY = YES;
				CLANG_WARN_ENUM_CONVERSION = YES;
				CLANG_WARN_INFINITE_RECURSION = YES;
				CLANG_WARN_INT_CONVERSION = YES;
				CLANG_WARN_NON_LITERAL_NULL_CONVERSION = YES;
				CLANG_WARN_OBJC_IMPLICIT_RETAIN_SELF = YES;
				CLANG_WARN_OBJC_LITERAL_CONVERSION = YES;
				CLANG_WARN_OBJC_ROOT_CLASS = YES_ERROR;
				CLANG_WARN_QUOTED_INCLUDE_IN_FRAMEWORK_HEADER = YES;
				CLANG_WARN_RANGE_LOOP_ANALYSIS = YES;
				CLANG_WARN_STRICT_PROTOTYPES = YES;
				CLANG_WARN_SUSPICIOUS_MOVE = YES;
				CLANG_WARN_UNGUARDED_AVAILABILITY = YES_AGGRESSIVE;
				CLANG_WARN_UNREACHABLE_CODE = YES;
				CLANG_WARN__DUPLICATE_METHOD_MATCH = YES;
				COPY_PHASE_STRIP = NO;
				DEBUG_INFORMATION_FORMAT = "dwarf-with-dsym";
				ENABLE_NS_ASSERTIONS = NO;
				ENABLE_STRICT_OBJC_MSGSEND = YES;
				GCC_C_LANGUAGE_STANDARD = gnu11;
				GCC_NO_COMMON_BLOCKS = YES;
				GCC_WARN_64_TO_32_BIT_CONVERSION = YES;
				GCC_WARN_ABOUT_RETURN_TYPE = YES_ERROR;
				GCC_WARN_UNDECLARED_SELECTOR = YES;
				GCC_WARN_UNINITIALIZED_AUTOS = YES_AGGRESSIVE;
				GCC_WARN_UNUSED_FUNCTION = YES;
				GCC_WARN_UNUSED_VARIABLE = YES;
				IPHONEOS_DEPLOYMENT_TARGET = 16.4;
				MTL_ENABLE_DEBUG_INFO = NO;
				MTL_FAST_MATH = YES;
				SDKROOT = iphoneos;
				SWIFT_COMPILATION_MODE = wholemodule;
				SWIFT_OPTIMIZATION_LEVEL = "-O";
				VALIDATE_PRODUCT = YES;
			};
			name = Release;
		};
		4521DFCD2A1BB71C0079ED6A /* Debug */ = {
			isa = XCBuildConfiguration;
			buildSettings = {
				ASSETCATALOG_COMPILER_APPICON_NAME = AppIcon;
				ASSETCATALOG_COMPILER_GLOBAL_ACCENT_COLOR_NAME = AccentColor;
				CODE_SIGN_STYLE = Automatic;
				CURRENT_PROJECT_VERSION = 1;
				DEVELOPMENT_ASSET_PATHS = "\"AudioPlayer/Preview Content\"";
				ENABLE_PREVIEWS = YES;
				GENERATE_INFOPLIST_FILE = YES;
				INFOPLIST_KEY_UIApplicationSceneManifest_Generation = YES;
				INFOPLIST_KEY_UIApplicationSupportsIndirectInputEvents = YES;
				INFOPLIST_KEY_UILaunchScreen_Generation = YES;
				INFOPLIST_KEY_UISupportedInterfaceOrientations_iPad = "UIInterfaceOrientationPortrait UIInterfaceOrientationPortraitUpsideDown UIInterfaceOrientationLandscapeLeft UIInterfaceOrientationLandscapeRight";
				INFOPLIST_KEY_UISupportedInterfaceOrientations_iPhone = "UIInterfaceOrientationPortrait UIInterfaceOrientationLandscapeLeft UIInterfaceOrientationLandscapeRight";
				LD_RUNPATH_SEARCH_PATHS = (
					"$(inherited)",
					"@executable_path/Frameworks",
				);
				MARKETING_VERSION = 1.0;
				PRODUCT_BUNDLE_IDENTIFIER = com.AudioPlayer;
				PRODUCT_NAME = "$(TARGET_NAME)";
				SWIFT_EMIT_LOC_STRINGS = YES;
				SWIFT_VERSION = 5.0;
				TARGETED_DEVICE_FAMILY = "1,2";
			};
			name = Debug;
		};
		4521DFCE2A1BB71C0079ED6A /* Release */ = {
			isa = XCBuildConfiguration;
			buildSettings = {
				ASSETCATALOG_COMPILER_APPICON_NAME = AppIcon;
				ASSETCATALOG_COMPILER_GLOBAL_ACCENT_COLOR_NAME = AccentColor;
				CODE_SIGN_STYLE = Automatic;
				CURRENT_PROJECT_VERSION = 1;
				DEVELOPMENT_ASSET_PATHS = "\"AudioPlayer/Preview Content\"";
				ENABLE_PREVIEWS = YES;
				GENERATE_INFOPLIST_FILE = YES;
				INFOPLIST_KEY_UIApplicationSceneManifest_Generation = YES;
				INFOPLIST_KEY_UIApplicationSupportsIndirectInputEvents = YES;
				INFOPLIST_KEY_UILaunchScreen_Generation = YES;
				INFOPLIST_KEY_UISupportedInterfaceOrientations_iPad = "UIInterfaceOrientationPortrait UIInterfaceOrientationPortraitUpsideDown UIInterfaceOrientationLandscapeLeft UIInterfaceOrientationLandscapeRight";
				INFOPLIST_KEY_UISupportedInterfaceOrientations_iPhone = "UIInterfaceOrientationPortrait UIInterfaceOrientationLandscapeLeft UIInterfaceOrientationLandscapeRight";
				LD_RUNPATH_SEARCH_PATHS = (
					"$(inherited)",
					"@executable_path/Frameworks",
				);
				MARKETING_VERSION = 1.0;
				PRODUCT_BUNDLE_IDENTIFIER = com.AudioPlayer;
				PRODUCT_NAME = "$(TARGET_NAME)";
				SWIFT_EMIT_LOC_STRINGS = YES;
				SWIFT_VERSION = 5.0;
				TARGETED_DEVICE_FAMILY = "1,2";
			};
			name = Release;
		};
/* End XCBuildConfiguration section */

/* Begin XCConfigurationList section */
		4521DFB92A1BB71B0079ED6A /* Build configuration list for PBXProject "AudioPlayer" */ = {
			isa = XCConfigurationList;
			buildConfigurations = (
				4521DFCA2A1BB71C0079ED6A /* Debug */,
				4521DFCB2A1BB71C0079ED6A /* Release */,
			);
			defaultConfigurationIsVisible = 0;
			defaultConfigurationName = Release;
		};
		4521DFCC2A1BB71C0079ED6A /* Build configuration list for PBXNativeTarget "AudioPlayer" */ = {
			isa = XCConfigurationList;
			buildConfigurations = (
				4521DFCD2A1BB71C0079ED6A /* Debug */,
				4521DFCE2A1BB71C0079ED6A /* Release */,
			);
			defaultConfigurationIsVisible = 0;
			defaultConfigurationName = Release;
		};
/* End XCConfigurationList section */
	};
	rootObject = 4521DFB62A1BB71B0079ED6A /* Project object */;
}
